{
  "requires": true,
  "lockfileVersion": 1,
  "dependencies": {
    "amcharts3": {
      "version": "3.21.13",
      "resolved": "https://registry.npmjs.org/amcharts3/-/amcharts3-3.21.13.tgz",
      "integrity": "sha512-UcLOX8XSFykJCaOQcJsHGjatw/QX1P4ASYZK6ou6Z2DyEq0s9ysrsoDP//t91mOOkkG7Ca4oB9GADjSH+q8Q2w=="
    }
  }
}
